
Microsoft Visual Studio Solution File, Format Version 12.00
Project("{FAE04EC0-301F-11D3-BF4B-00C04F79EFBC}") = "GymApp.Api", "GymApp.Api\GymApp.Api.csproj", "{34B505C8-325C-4608-8E68-C895BADCA019}"
EndProject
Project("{FAE04EC0-301F-11D3-BF4B-00C04F79EFBC}") = "GymApp.Domain", "GymApp.Domain\GymApp.Domain.csproj", "{3D8AAD36-6BB7-4E8A-9DE6-9030077BF282}"
EndProject
Project("{FAE04EC0-301F-11D3-BF4B-00C04F79EFBC}") = "GymApp.Infrastructure", "GymApp.Infrastructure\GymApp.Infrastructure.csproj", "{117B5639-B827-4336-A6EA-B29718DA7EE3}"
EndProject
Project("{FAE04EC0-301F-11D3-BF4B-00C04F79EFBC}") = "GymApp.Tests", "GymApp.Tests\GymApp.Tests.csproj", "{1888CF73-B24C-4AFB-9ABD-0B994C675C49}"
EndProject
Project("{FAE04EC0-301F-11D3-BF4B-00C04F79EFBC}") = "GymApp.App", "GymApp.App\GymApp.App.csproj", "{4BE08238-6C5F-4539-BB0F-2547C4086ACB}"
EndProject
Global
	GlobalSection(SolutionConfigurationPlatforms) = preSolution
		Debug|Any CPU = Debug|Any CPU
		Release|Any CPU = Release|Any CPU
	EndGlobalSection
	GlobalSection(ProjectConfigurationPlatforms) = postSolution
		{34B505C8-325C-4608-8E68-C895BADCA019}.Debug|Any CPU.ActiveCfg = Debug|Any CPU
		{34B505C8-325C-4608-8E68-C895BADCA019}.Debug|Any CPU.Build.0 = Debug|Any CPU
		{34B505C8-325C-4608-8E68-C895BADCA019}.Release|Any CPU.ActiveCfg = Release|Any CPU
		{34B505C8-325C-4608-8E68-C895BADCA019}.Release|Any CPU.Build.0 = Release|Any CPU
		{3D8AAD36-6BB7-4E8A-9DE6-9030077BF282}.Debug|Any CPU.ActiveCfg = Debug|Any CPU
		{3D8AAD36-6BB7-4E8A-9DE6-9030077BF282}.Debug|Any CPU.Build.0 = Debug|Any CPU
		{3D8AAD36-6BB7-4E8A-9DE6-9030077BF282}.Release|Any CPU.ActiveCfg = Release|Any CPU
		{3D8AAD36-6BB7-4E8A-9DE6-9030077BF282}.Release|Any CPU.Build.0 = Release|Any CPU
		{117B5639-B827-4336-A6EA-B29718DA7EE3}.Debug|Any CPU.ActiveCfg = Debug|Any CPU
		{117B5639-B827-4336-A6EA-B29718DA7EE3}.Debug|Any CPU.Build.0 = Debug|Any CPU
		{117B5639-B827-4336-A6EA-B29718DA7EE3}.Release|Any CPU.ActiveCfg = Release|Any CPU
		{117B5639-B827-4336-A6EA-B29718DA7EE3}.Release|Any CPU.Build.0 = Release|Any CPU
		{1888CF73-B24C-4AFB-9ABD-0B994C675C49}.Debug|Any CPU.ActiveCfg = Debug|Any CPU
		{1888CF73-B24C-4AFB-9ABD-0B994C675C49}.Debug|Any CPU.Build.0 = Debug|Any CPU
		{1888CF73-B24C-4AFB-9ABD-0B994C675C49}.Release|Any CPU.ActiveCfg = Release|Any CPU
		{1888CF73-B24C-4AFB-9ABD-0B994C675C49}.Release|Any CPU.Build.0 = Release|Any CPU
		{4BE08238-6C5F-4539-BB0F-2547C4086ACB}.Debug|Any CPU.ActiveCfg = Debug|Any CPU
		{4BE08238-6C5F-4539-BB0F-2547C4086ACB}.Debug|Any CPU.Build.0 = Debug|Any CPU
		{4BE08238-6C5F-4539-BB0F-2547C4086ACB}.Release|Any CPU.ActiveCfg = Release|Any CPU
		{4BE08238-6C5F-4539-BB0F-2547C4086ACB}.Release|Any CPU.Build.0 = Release|Any CPU
	EndGlobalSection
EndGlobal
